PODS:
  - flutter_midi_command (0.0.1):
    - FlutterMacOS
  - flutter_midi_pro (0.0.1):
    - FlutterMacOS
  - FlutterMacOS (1.0.0)
  - universal_ble (0.0.1):
    - Flutter
    - FlutterMacOS

DEPENDENCIES:
  - flutter_midi_command (from `Flutter/ephemeral/.symlinks/plugins/flutter_midi_command/macos`)
  - flutter_midi_pro (from `Flutter/ephemeral/.symlinks/plugins/flutter_midi_pro/macos`)
  - FlutterMacOS (from `Flutter/ephemeral`)
  - universal_ble (from `Flutter/ephemeral/.symlinks/plugins/universal_ble/darwin`)

EXTERNAL SOURCES:
  flutter_midi_command:
    :path: Flutter/ephemeral/.symlinks/plugins/flutter_midi_command/macos
  flutter_midi_pro:
    :path: Flutter/ephemeral/.symlinks/plugins/flutter_midi_pro/macos
  FlutterMacOS:
    :path: Flutter/ephemeral
  universal_ble:
    :path: Flutter/ephemeral/.symlinks/plugins/universal_ble/darwin

SPEC CHECKSUMS:
  flutter_midi_command: c7517347a1acc8e4c7d4e9fa9809b3e87bbfd2b8
  flutter_midi_pro: 4c5d8ef49905c7d72d7dc94f5f110a0137d95252
  FlutterMacOS: d0db08ddef1a9af05a5ec4b724367152bb0500b1
  universal_ble: ff19787898040d721109c6324472e5dd4bc86adc

PODFILE CHECKSUM: 54d867c82ac51cbd61b565781b9fada492027009

COCOAPODS: 1.16.2
